
Microsoft Visual Studio Solution File, Format Version 12.00
# Visual Studio 2017
Project("{FAE04EC0-301F-11D3-BF4B-00C04F79EFBC}") = "Mpesa", "Mpesa\Mpesa.csproj", "{B300FDA1-761F-473F-98D6-535E6128BC61}"
EndProject
Project("{FAE04EC0-301F-11D3-BF4B-00C04F79EFBC}") = "MpesaTests", "MpesaTests\MpesaTests\MpesaTests.csproj", "{9BEF2C76-0907-4D48-9FA4-0D5020983873}"
EndProject
Global
	GlobalSection(SolutionConfigurationPlatforms) = preSolution
		Debug|Any CPU = Debug|Any CPU
		Release|Any CPU = Release|Any CPU
	EndGlobalSection
	GlobalSection(ProjectConfigurationPlatforms) = postSolution
		{B300FDA1-761F-473F-98D6-535E6128BC61}.Debug|Any CPU.ActiveCfg = Debug|Any CPU
		{B300FDA1-761F-473F-98D6-535E6128BC61}.Debug|Any CPU.Build.0 = Debug|Any CPU
		{B300FDA1-761F-473F-98D6-535E6128BC61}.Release|Any CPU.ActiveCfg = Release|Any CPU
		{B300FDA1-761F-473F-98D6-535E6128BC61}.Release|Any CPU.Build.0 = Release|Any CPU
		{9BEF2C76-0907-4D48-9FA4-0D5020983873}.Debug|Any CPU.ActiveCfg = Debug|Any CPU
		{9BEF2C76-0907-4D48-9FA4-0D5020983873}.Debug|Any CPU.Build.0 = Debug|Any CPU
		{9BEF2C76-0907-4D48-9FA4-0D5020983873}.Release|Any CPU.ActiveCfg = Release|Any CPU
		{9BEF2C76-0907-4D48-9FA4-0D5020983873}.Release|Any CPU.Build.0 = Release|Any CPU
	EndGlobalSection
	GlobalSection(MonoDevelopProperties) = preSolution
		Policies = $0
		$0.DotNetNamingPolicy = $1
		$1.DirectoryNamespaceAssociation = PrefixedHierarchical
		description = A Daraja Rest API .Net Library written in C#. Well documented and Unit tested.
	EndGlobalSection
EndGlobal
